<?xml version="1.0" encoding="utf-8"?>
<Project ToolsVersion="4.0" xmlns="http://schemas.microsoft.com/developer/msbuild/2003">
  <ItemGroup>
    <Filter Include="Source Files">
      <UniqueIdentifier>{4FC737F1-C7A5-4376-A066-2A32D752A2FF}</UniqueIdentifier>
      <Extensions>cpp;c;cxx;def;odl;idl;hpj;bat;asm;asmx</Extensions>
    </Filter>
    <Filter Include="Header Files">
      <UniqueIdentifier>{93995380-89BD-4b04-88EB-625FBE52EBFB}</UniqueIdentifier>
      <Extensions>h;hpp;hxx;hm;inl;inc;xsd</Extensions>
    </Filter>
    <Filter Include="Resource Files">
      <UniqueIdentifier>{67DA6AB6-F800-4c08-8B7A-83BB121AAD01}</UniqueIdentifier>
      <Extensions>rc;ico;cur;bmp;dlg;rc2;rct;bin;rgs;gif;jpg;jpeg;jpe;resx</Extensions>
    </Filter>
    <Filter Include="CxImage">
      <UniqueIdentifier>{9ad55db0-ae59-4669-99ec-ad7bef593247}</UniqueIdentifier>
    </Filter>
    <Filter Include="glew">
      <UniqueIdentifier>{5757a256-0970-42d7-9927-29fe81b047c6}</UniqueIdentifier>
    </Filter>
    <Filter Include="opengl">
      <UniqueIdentifier>{06ae504e-69f7-453a-aa63-bb4ce3463339}</UniqueIdentifier>
    </Filter>
  </ItemGroup>
  <ItemGroup>
    <ClCompile Include="..\src\animcontrol.cpp">
      <Filter>Source Files</Filter>
    </ClCompile>
    <ClCompile Include="..\src\AnimExporter.cpp">
      <Filter>Source Files</Filter>
    </ClCompile>
    <ClCompile Include="..\src\app.cpp">
      <Filter>Source Files</Filter>
    </ClCompile>
    <ClCompile Include="..\src\arrows.cpp">
      <Filter>Source Files</Filter>
    </ClCompile>
    <ClCompile Include="..\src\AVIGenerator.cpp">
      <Filter>Source Files</Filter>
    </ClCompile>
    <ClCompile Include="..\src\camera.cpp">
      <Filter>Source Files</Filter>
    </ClCompile>
    <ClCompile Include="..\src\charcontrol.cpp">
      <Filter>Source Files</Filter>
    </ClCompile>
    <ClCompile Include="..\src\video.cpp">
      <Filter>Source Files</Filter>
    </ClCompile>
    <ClCompile Include="..\src\wmo.cpp">
      <Filter>Source Files</Filter>
    </ClCompile>
    <ClCompile Include="..\src\util.cpp">
      <Filter>Source Files</Filter>
    </ClCompile>
    <ClCompile Include="..\src\UserSkins.cpp">
      <Filter>Source Files</Filter>
    </ClCompile>
    <ClCompile Include="..\src\shaders.cpp">
      <Filter>Source Files</Filter>
    </ClCompile>
    <ClCompile Include="..\src\settings.cpp">
      <Filter>Source Files</Filter>
    </ClCompile>
    <ClCompile Include="..\src\RenderTexture.cpp">
      <Filter>Source Files</Filter>
    </ClCompile>
    <ClCompile Include="..\src\Quantize.cpp">
      <Filter>Source Files</Filter>
    </ClCompile>
    <ClCompile Include="..\src\particle.cpp">
      <Filter>Source Files</Filter>
    </ClCompile>
    <ClCompile Include="..\src\mpq_stormlib.cpp">
      <Filter>Source Files</Filter>
    </ClCompile>
    <ClCompile Include="..\src\modelviewer.cpp">
      <Filter>Source Files</Filter>
    </ClCompile>
    <ClCompile Include="..\src\modelexportoptions.cpp">
      <Filter>Source Files</Filter>
    </ClCompile>
    <ClCompile Include="..\src\modelexport_x3d.cpp">
      <Filter>Source Files</Filter>
    </ClCompile>
    <ClCompile Include="..\src\modelexport_ogre.cpp">
      <Filter>Source Files</Filter>
    </ClCompile>
    <ClCompile Include="..\src\modelexport_obj.cpp">
      <Filter>Source Files</Filter>
    </ClCompile>
    <ClCompile Include="..\src\modelexport_ms3d.cpp">
      <Filter>Source Files</Filter>
    </ClCompile>
    <ClCompile Include="..\src\modelexport_m3.cpp">
      <Filter>Source Files</Filter>
    </ClCompile>
    <ClCompile Include="..\src\modelexport_lwo.cpp">
      <Filter>Source Files</Filter>
    </ClCompile>
    <ClCompile Include="..\src\modelexport_fbx.cpp">
      <Filter>Source Files</Filter>
    </ClCompile>
    <ClCompile Include="..\src\modelexport.cpp">
      <Filter>Source Files</Filter>
    </ClCompile>
    <ClCompile Include="..\src\modelcontrol.cpp">
      <Filter>Source Files</Filter>
    </ClCompile>
    <ClCompile Include="..\src\modelcanvas.cpp">
      <Filter>Source Files</Filter>
    </ClCompile>
    <ClCompile Include="..\src\modelbankcontrol.cpp">
      <Filter>Source Files</Filter>
    </ClCompile>
    <ClCompile Include="..\src\model.cpp">
      <Filter>Source Files</Filter>
    </ClCompile>
    <ClCompile Include="..\src\maptile.cpp">
      <Filter>Source Files</Filter>
    </ClCompile>
    <ClCompile Include="..\src\liquid.cpp">
      <Filter>Source Files</Filter>
    </ClCompile>
    <ClCompile Include="..\src\lightcontrol.cpp">
      <Filter>Source Files</Filter>
    </ClCompile>
    <ClCompile Include="..\src\jsonwriter.cpp">
      <Filter>Source Files</Filter>
    </ClCompile>
    <ClCompile Include="..\src\jsonval.cpp">
      <Filter>Source Files</Filter>
    </ClCompile>
    <ClCompile Include="..\src\jsonreader.cpp">
      <Filter>Source Files</Filter>
    </ClCompile>
    <ClCompile Include="..\src\itemselection.cpp">
      <Filter>Source Files</Filter>
    </ClCompile>
    <ClCompile Include="..\src\imagecontrol.cpp">
      <Filter>Source Files</Filter>
    </ClCompile>
    <ClCompile Include="..\src\globalvars.cpp">
      <Filter>Source Files</Filter>
    </ClCompile>
    <ClCompile Include="..\src\filecontrol.cpp">
      <Filter>Source Files</Filter>
    </ClCompile>
    <ClCompile Include="..\src\effects.cpp">
      <Filter>Source Files</Filter>
    </ClCompile>
    <ClCompile Include="..\src\ddslib.cpp">
      <Filter>Source Files</Filter>
    </ClCompile>
    <ClCompile Include="..\src\dbcfile.cpp">
      <Filter>Source Files</Filter>
    </ClCompile>
    <ClCompile Include="..\src\database.cpp">
      <Filter>Source Files</Filter>
    </ClCompile>
  </ItemGroup>
  <ItemGroup>
    <ClInclude Include="wx\jsonval.h">
      <Filter>Header Files</Filter>
    </ClInclude>
    <ClInclude Include="..\src\opengl\glext.h">
      <Filter>opengl</Filter>
    </ClInclude>
    <ClInclude Include="..\src\opengl\glxext.h">
      <Filter>opengl</Filter>
    </ClInclude>
    <ClInclude Include="..\src\opengl\wglext.h">
      <Filter>opengl</Filter>
    </ClInclude>
    <ClInclude Include="..\src\glew\include\GL\glew.h">
      <Filter>glew</Filter>
    </ClInclude>
    <ClInclude Include="..\src\glew\include\GL\glxew.h">
      <Filter>glew</Filter>
    </ClInclude>
    <ClInclude Include="..\src\glew\include\GL\wglew.h">
      <Filter>glew</Filter>
    </ClInclude>
    <ClInclude Include="..\src\CxImage\xfile.h">
      <Filter>CxImage</Filter>
    </ClInclude>
    <ClInclude Include="..\src\CxImage\ximabmp.h">
      <Filter>CxImage</Filter>
    </ClInclude>
    <ClInclude Include="..\src\CxImage\ximacfg.h">
      <Filter>CxImage</Filter>
    </ClInclude>
    <ClInclude Include="..\src\CxImage\ximadef.h">
      <Filter>CxImage</Filter>
    </ClInclude>
    <ClInclude Include="..\src\CxImage\ximage.h">
      <Filter>CxImage</Filter>
    </ClInclude>
    <ClInclude Include="..\src\CxImage\ximagif.h">
      <Filter>CxImage</Filter>
    </ClInclude>
    <ClInclude Include="..\src\CxImage\ximaico.h">
      <Filter>CxImage</Filter>
    </ClInclude>
    <ClInclude Include="..\src\CxImage\ximaiter.h">
      <Filter>CxImage</Filter>
    </ClInclude>
    <ClInclude Include="..\src\CxImage\ximajas.h">
      <Filter>CxImage</Filter>
    </ClInclude>
    <ClInclude Include="..\src\CxImage\ximajbg.h">
      <Filter>CxImage</Filter>
    </ClInclude>
    <ClInclude Include="..\src\CxImage\ximajpg.h">
      <Filter>CxImage</Filter>
    </ClInclude>
    <ClInclude Include="..\src\CxImage\ximamng.h">
      <Filter>CxImage</Filter>
    </ClInclude>
    <ClInclude Include="..\src\CxImage\ximapcx.h">
      <Filter>CxImage</Filter>
    </ClInclude>
    <ClInclude Include="..\src\CxImage\ximapng.h">
      <Filter>CxImage</Filter>
    </ClInclude>
    <ClInclude Include="..\src\CxImage\ximaraw.h">
      <Filter>CxImage</Filter>
    </ClInclude>
    <ClInclude Include="..\src\CxImage\ximaska.h">
      <Filter>CxImage</Filter>
    </ClInclude>
    <ClInclude Include="..\src\CxImage\ximatga.h">
      <Filter>CxImage</Filter>
    </ClInclude>
    <ClInclude Include="..\src\CxImage\ximath.h">
      <Filter>CxImage</Filter>
    </ClInclude>
    <ClInclude Include="..\src\CxImage\ximatif.h">
      <Filter>CxImage</Filter>
    </ClInclude>
    <ClInclude Include="..\src\CxImage\ximawbmp.h">
      <Filter>CxImage</Filter>
    </ClInclude>
    <ClInclude Include="..\src\CxImage\ximawmf.h">
      <Filter>CxImage</Filter>
    </ClInclude>
    <ClInclude Include="..\src\CxImage\xiofile.h">
      <Filter>CxImage</Filter>
    </ClInclude>
    <ClInclude Include="..\src\CxImage\xmemfile.h">
      <Filter>CxImage</Filter>
    </ClInclude>
    <ClInclude Include="..\src\animated.h">
      <Filter>Header Files</Filter>
    </ClInclude>
    <ClInclude Include="..\src\animcontrol.h">
      <Filter>Header Files</Filter>
    </ClInclude>
    <ClInclude Include="..\src\AnimExporter.h">
      <Filter>Header Files</Filter>
    </ClInclude>
    <ClInclude Include="..\src\app.h">
      <Filter>Header Files</Filter>
    </ClInclude>
    <ClInclude Include="..\src\arrows.h">
      <Filter>Header Files</Filter>
    </ClInclude>
    <ClInclude Include="..\src\AVIGenerator.h">
      <Filter>Header Files</Filter>
    </ClInclude>
    <ClInclude Include="..\src\camera.h">
      <Filter>Header Files</Filter>
    </ClInclude>
    <ClInclude Include="..\src\charcontrol.h">
      <Filter>Header Files</Filter>
    </ClInclude>
    <ClInclude Include="..\src\database.h">
      <Filter>Header Files</Filter>
    </ClInclude>
    <ClInclude Include="..\src\dbcfile.h">
      <Filter>Header Files</Filter>
    </ClInclude>
    <ClInclude Include="..\src\ddslib.h">
      <Filter>Header Files</Filter>
    </ClInclude>
    <ClInclude Include="..\src\displayable.h">
      <Filter>Header Files</Filter>
    </ClInclude>
    <ClInclude Include="..\src\effects.h">
      <Filter>Header Files</Filter>
    </ClInclude>
    <ClInclude Include="..\src\enums.h">
      <Filter>Header Files</Filter>
    </ClInclude>
    <ClInclude Include="..\src\exporters.h">
      <Filter>Header Files</Filter>
    </ClInclude>
    <ClInclude Include="..\src\fbxsdk.h">
      <Filter>Header Files</Filter>
    </ClInclude>
    <ClInclude Include="..\src\filecontrol.h">
      <Filter>Header Files</Filter>
    </ClInclude>
    <ClInclude Include="..\src\globalvars.h">
      <Filter>Header Files</Filter>
    </ClInclude>
    <ClInclude Include="..\src\imagecontrol.h">
      <Filter>Header Files</Filter>
    </ClInclude>
    <ClInclude Include="..\src\itemselection.h">
      <Filter>Header Files</Filter>
    </ClInclude>
    <ClInclude Include="..\src\wx\jsonreader.h">
      <Filter>Header Files</Filter>
    </ClInclude>
    <ClInclude Include="..\src\wx\json_defs.h">
      <Filter>Header Files</Filter>
    </ClInclude>
    <ClInclude Include="..\src\wx\jsonwriter.h">
      <Filter>Header Files</Filter>
    </ClInclude>
    <ClInclude Include="..\src\lightcontrol.h">
      <Filter>Header Files</Filter>
    </ClInclude>
    <ClInclude Include="..\src\liquid.h">
      <Filter>Header Files</Filter>
    </ClInclude>
    <ClInclude Include="..\src\manager.h">
      <Filter>Header Files</Filter>
    </ClInclude>
    <ClInclude Include="..\src\maptile.h">
      <Filter>Header Files</Filter>
    </ClInclude>
    <ClInclude Include="..\src\matrix.h">
      <Filter>Header Files</Filter>
    </ClInclude>
    <ClInclude Include="..\src\model.h">
      <Filter>Header Files</Filter>
    </ClInclude>
    <ClInclude Include="..\src\modelbankcontrol.h">
      <Filter>Header Files</Filter>
    </ClInclude>
    <ClInclude Include="..\src\modelcanvas.h">
      <Filter>Header Files</Filter>
    </ClInclude>
    <ClInclude Include="..\src\modelcontrol.h">
      <Filter>Header Files</Filter>
    </ClInclude>
    <ClInclude Include="..\src\modelexport.h">
      <Filter>Header Files</Filter>
    </ClInclude>
    <ClInclude Include="..\src\modelexport_lwo.h">
      <Filter>Header Files</Filter>
    </ClInclude>
    <ClInclude Include="..\src\modelexport_m3.h">
      <Filter>Header Files</Filter>
    </ClInclude>
    <ClInclude Include="..\src\modelexport_ms3d.h">
      <Filter>Header Files</Filter>
    </ClInclude>
    <ClInclude Include="..\src\modelexportoptions.h">
      <Filter>Header Files</Filter>
    </ClInclude>
    <ClInclude Include="..\src\modelheaders.h">
      <Filter>Header Files</Filter>
    </ClInclude>
    <ClInclude Include="..\src\modelviewer.h">
      <Filter>Header Files</Filter>
    </ClInclude>
    <ClInclude Include="..\src\mpq.h">
      <Filter>Header Files</Filter>
    </ClInclude>
    <ClInclude Include="..\src\mpq_stormlib.h">
      <Filter>Header Files</Filter>
    </ClInclude>
    <ClInclude Include="..\src\OpenGLHeaders.h">
      <Filter>Header Files</Filter>
    </ClInclude>
    <ClInclude Include="..\src\particle.h">
      <Filter>Header Files</Filter>
    </ClInclude>
    <ClInclude Include="..\src\Quantize.h">
      <Filter>Header Files</Filter>
    </ClInclude>
    <ClInclude Include="..\src\quaternion.h">
      <Filter>Header Files</Filter>
    </ClInclude>
    <ClInclude Include="..\src\RenderTexture.h">
      <Filter>Header Files</Filter>
    </ClInclude>
    <ClInclude Include="..\src\resource1.h">
      <Filter>Header Files</Filter>
    </ClInclude>
    <ClInclude Include="..\src\settings.h">
      <Filter>Header Files</Filter>
    </ClInclude>
    <ClInclude Include="..\src\shaders.h">
      <Filter>Header Files</Filter>
    </ClInclude>
    <ClInclude Include="..\src\UserSkins.h">
      <Filter>Header Files</Filter>
    </ClInclude>
    <ClInclude Include="..\src\util.h">
      <Filter>Header Files</Filter>
    </ClInclude>
    <ClInclude Include="..\src\vec3d.h">
      <Filter>Header Files</Filter>
    </ClInclude>
    <ClInclude Include="..\src\video.h">
      <Filter>Header Files</Filter>
    </ClInclude>
    <ClInclude Include="..\src\wmo.h">
      <Filter>Header Files</Filter>
    </ClInclude>
  </ItemGroup>
  <ItemGroup>
    <None Include="..\bin_support\Icons\chrFile.ico">
      <Filter>Resource Files</Filter>
    </None>
    <None Include="..\bin_support\Icons\wmv.ico">
      <Filter>Resource Files</Filter>
    </None>
  </ItemGroup>
  <ItemGroup>
    <ResourceCompile Include="..\src\wowmodelview.rc">
      <Filter>Resource Files</Filter>
    </ResourceCompile>
  </ItemGroup>
</Project>