<?xml version="1.0" encoding="utf-8"?>
<Project ToolsVersion="4.0" xmlns="http://schemas.microsoft.com/developer/msbuild/2003">
  <ItemGroup>
    <Filter Include="Source Files">
      <UniqueIdentifier>{4FC737F1-C7A5-4376-A066-2A32D752A2FF}</UniqueIdentifier>
      <Extensions>cpp;c;cxx;def;odl;idl;hpj;bat;asm;asmx</Extensions>
    </Filter>
    <Filter Include="Header Files">
      <UniqueIdentifier>{93995380-89BD-4b04-88EB-625FBE52EBFB}</UniqueIdentifier>
      <Extensions>h;hpp;hxx;hm;inl;inc;xsd</Extensions>
    </Filter>
    <Filter Include="Resource Files">
      <UniqueIdentifier>{67DA6AB6-F800-4c08-8B7A-83BB121AAD01}</UniqueIdentifier>
      <Extensions>rc;ico;cur;bmp;dlg;rc2;rct;bin;rgs;gif;jpg;jpeg;jpe;resx</Extensions>
    </Filter>
    <Filter Include="CxImage">
      <UniqueIdentifier>{9ad55db0-ae59-4669-99ec-ad7bef593247}</UniqueIdentifier>
    </Filter>
    <Filter Include="glew">
      <UniqueIdentifier>{5757a256-0970-42d7-9927-29fe81b047c6}</UniqueIdentifier>
    </Filter>
    <Filter Include="opengl">
      <UniqueIdentifier>{06ae504e-69f7-453a-aa63-bb4ce3463339}</UniqueIdentifier>
    </Filter>
  </ItemGroup>
  <ItemGroup>
    <ClCompile Include="animcontrol.cpp">
      <Filter>Source Files</Filter>
    </ClCompile>
    <ClCompile Include="AnimExporter.cpp">
      <Filter>Source Files</Filter>
    </ClCompile>
    <ClCompile Include="app.cpp">
      <Filter>Source Files</Filter>
    </ClCompile>
    <ClCompile Include="arrows.cpp">
      <Filter>Source Files</Filter>
    </ClCompile>
    <ClCompile Include="AVIGenerator.cpp">
      <Filter>Source Files</Filter>
    </ClCompile>
    <ClCompile Include="camera.cpp">
      <Filter>Source Files</Filter>
    </ClCompile>
    <ClCompile Include="charcontrol.cpp">
      <Filter>Source Files</Filter>
    </ClCompile>
    <ClCompile Include="database.cpp">
      <Filter>Source Files</Filter>
    </ClCompile>
    <ClCompile Include="dbcfile.cpp">
      <Filter>Source Files</Filter>
    </ClCompile>
    <ClCompile Include="ddslib.cpp">
      <Filter>Source Files</Filter>
    </ClCompile>
    <ClCompile Include="effects.cpp">
      <Filter>Source Files</Filter>
    </ClCompile>
    <ClCompile Include="filecontrol.cpp">
      <Filter>Source Files</Filter>
    </ClCompile>
    <ClCompile Include="globalvars.cpp">
      <Filter>Source Files</Filter>
    </ClCompile>
    <ClCompile Include="imagecontrol.cpp">
      <Filter>Source Files</Filter>
    </ClCompile>
    <ClCompile Include="itemselection.cpp">
      <Filter>Source Files</Filter>
    </ClCompile>
    <ClCompile Include="lightcontrol.cpp">
      <Filter>Source Files</Filter>
    </ClCompile>
    <ClCompile Include="liquid.cpp">
      <Filter>Source Files</Filter>
    </ClCompile>
    <ClCompile Include="maptile.cpp">
      <Filter>Source Files</Filter>
    </ClCompile>
    <ClCompile Include="model.cpp">
      <Filter>Source Files</Filter>
    </ClCompile>
    <ClCompile Include="modelbankcontrol.cpp">
      <Filter>Source Files</Filter>
    </ClCompile>
    <ClCompile Include="modelcanvas.cpp">
      <Filter>Source Files</Filter>
    </ClCompile>
    <ClCompile Include="modelcontrol.cpp">
      <Filter>Source Files</Filter>
    </ClCompile>
    <ClCompile Include="modelexport.cpp">
      <Filter>Source Files</Filter>
    </ClCompile>
    <ClCompile Include="modelexport_fbx.cpp">
      <Filter>Source Files</Filter>
    </ClCompile>
    <ClCompile Include="modelexport_lwo.cpp">
      <Filter>Source Files</Filter>
    </ClCompile>
    <ClCompile Include="modelexport_m3.cpp">
      <Filter>Source Files</Filter>
    </ClCompile>
    <ClCompile Include="modelexport_ms3d.cpp">
      <Filter>Source Files</Filter>
    </ClCompile>
    <ClCompile Include="modelexport_obj.cpp">
      <Filter>Source Files</Filter>
    </ClCompile>
    <ClCompile Include="modelexport_ogre.cpp">
      <Filter>Source Files</Filter>
    </ClCompile>
    <ClCompile Include="modelexport_x3d.cpp">
      <Filter>Source Files</Filter>
    </ClCompile>
    <ClCompile Include="modelexportoptions.cpp">
      <Filter>Source Files</Filter>
    </ClCompile>
    <ClCompile Include="modelviewer.cpp">
      <Filter>Source Files</Filter>
    </ClCompile>
    <ClCompile Include="mpq_stormlib.cpp">
      <Filter>Source Files</Filter>
    </ClCompile>
    <ClCompile Include="particle.cpp">
      <Filter>Source Files</Filter>
    </ClCompile>
    <ClCompile Include="Quantize.cpp">
      <Filter>Source Files</Filter>
    </ClCompile>
    <ClCompile Include="RenderTexture.cpp">
      <Filter>Source Files</Filter>
    </ClCompile>
    <ClCompile Include="settings.cpp">
      <Filter>Source Files</Filter>
    </ClCompile>
    <ClCompile Include="shaders.cpp">
      <Filter>Source Files</Filter>
    </ClCompile>
    <ClCompile Include="UserSkins.cpp">
      <Filter>Source Files</Filter>
    </ClCompile>
    <ClCompile Include="util.cpp">
      <Filter>Source Files</Filter>
    </ClCompile>
    <ClCompile Include="video.cpp">
      <Filter>Source Files</Filter>
    </ClCompile>
    <ClCompile Include="wmo.cpp">
      <Filter>Source Files</Filter>
    </ClCompile>
    <ClCompile Include="jsonreader.cpp">
      <Filter>Source Files</Filter>
    </ClCompile>
    <ClCompile Include="jsonval.cpp">
      <Filter>Source Files</Filter>
    </ClCompile>
    <ClCompile Include="jsonwriter.cpp">
      <Filter>Source Files</Filter>
    </ClCompile>
  </ItemGroup>
  <ItemGroup>
    <ClInclude Include="animated.h">
      <Filter>Header Files</Filter>
    </ClInclude>
    <ClInclude Include="animcontrol.h">
      <Filter>Header Files</Filter>
    </ClInclude>
    <ClInclude Include="AnimExporter.h">
      <Filter>Header Files</Filter>
    </ClInclude>
    <ClInclude Include="app.h">
      <Filter>Header Files</Filter>
    </ClInclude>
    <ClInclude Include="arrows.h">
      <Filter>Header Files</Filter>
    </ClInclude>
    <ClInclude Include="AVIGenerator.h">
      <Filter>Header Files</Filter>
    </ClInclude>
    <ClInclude Include="camera.h">
      <Filter>Header Files</Filter>
    </ClInclude>
    <ClInclude Include="charcontrol.h">
      <Filter>Header Files</Filter>
    </ClInclude>
    <ClInclude Include="database.h">
      <Filter>Header Files</Filter>
    </ClInclude>
    <ClInclude Include="dbcfile.h">
      <Filter>Header Files</Filter>
    </ClInclude>
    <ClInclude Include="ddslib.h">
      <Filter>Header Files</Filter>
    </ClInclude>
    <ClInclude Include="displayable.h">
      <Filter>Header Files</Filter>
    </ClInclude>
    <ClInclude Include="effects.h">
      <Filter>Header Files</Filter>
    </ClInclude>
    <ClInclude Include="enums.h">
      <Filter>Header Files</Filter>
    </ClInclude>
    <ClInclude Include="exporters.h">
      <Filter>Header Files</Filter>
    </ClInclude>
    <ClInclude Include="fbxsdk.h">
      <Filter>Header Files</Filter>
    </ClInclude>
    <ClInclude Include="filecontrol.h">
      <Filter>Header Files</Filter>
    </ClInclude>
    <ClInclude Include="globalvars.h">
      <Filter>Header Files</Filter>
    </ClInclude>
    <ClInclude Include="imagecontrol.h">
      <Filter>Header Files</Filter>
    </ClInclude>
    <ClInclude Include="itemselection.h">
      <Filter>Header Files</Filter>
    </ClInclude>
    <ClInclude Include="lightcontrol.h">
      <Filter>Header Files</Filter>
    </ClInclude>
    <ClInclude Include="liquid.h">
      <Filter>Header Files</Filter>
    </ClInclude>
    <ClInclude Include="manager.h">
      <Filter>Header Files</Filter>
    </ClInclude>
    <ClInclude Include="maptile.h">
      <Filter>Header Files</Filter>
    </ClInclude>
    <ClInclude Include="matrix.h">
      <Filter>Header Files</Filter>
    </ClInclude>
    <ClInclude Include="model.h">
      <Filter>Header Files</Filter>
    </ClInclude>
    <ClInclude Include="modelbankcontrol.h">
      <Filter>Header Files</Filter>
    </ClInclude>
    <ClInclude Include="modelcanvas.h">
      <Filter>Header Files</Filter>
    </ClInclude>
    <ClInclude Include="modelcontrol.h">
      <Filter>Header Files</Filter>
    </ClInclude>
    <ClInclude Include="modelexport.h">
      <Filter>Header Files</Filter>
    </ClInclude>
    <ClInclude Include="modelexport_lwo.h">
      <Filter>Header Files</Filter>
    </ClInclude>
    <ClInclude Include="modelexport_m3.h">
      <Filter>Header Files</Filter>
    </ClInclude>
    <ClInclude Include="modelexport_ms3d.h">
      <Filter>Header Files</Filter>
    </ClInclude>
    <ClInclude Include="modelexportoptions.h">
      <Filter>Header Files</Filter>
    </ClInclude>
    <ClInclude Include="modelheaders.h">
      <Filter>Header Files</Filter>
    </ClInclude>
    <ClInclude Include="modelviewer.h">
      <Filter>Header Files</Filter>
    </ClInclude>
    <ClInclude Include="mpq.h">
      <Filter>Header Files</Filter>
    </ClInclude>
    <ClInclude Include="mpq_stormlib.h">
      <Filter>Header Files</Filter>
    </ClInclude>
    <ClInclude Include="OpenGLHeaders.h">
      <Filter>Header Files</Filter>
    </ClInclude>
    <ClInclude Include="particle.h">
      <Filter>Header Files</Filter>
    </ClInclude>
    <ClInclude Include="Quantize.h">
      <Filter>Header Files</Filter>
    </ClInclude>
    <ClInclude Include="quaternion.h">
      <Filter>Header Files</Filter>
    </ClInclude>
    <ClInclude Include="RenderTexture.h">
      <Filter>Header Files</Filter>
    </ClInclude>
    <ClInclude Include="resource1.h">
      <Filter>Header Files</Filter>
    </ClInclude>
    <ClInclude Include="settings.h">
      <Filter>Header Files</Filter>
    </ClInclude>
    <ClInclude Include="shaders.h">
      <Filter>Header Files</Filter>
    </ClInclude>
    <ClInclude Include="UserSkins.h">
      <Filter>Header Files</Filter>
    </ClInclude>
    <ClInclude Include="util.h">
      <Filter>Header Files</Filter>
    </ClInclude>
    <ClInclude Include="vec3d.h">
      <Filter>Header Files</Filter>
    </ClInclude>
    <ClInclude Include="video.h">
      <Filter>Header Files</Filter>
    </ClInclude>
    <ClInclude Include="wmo.h">
      <Filter>Header Files</Filter>
    </ClInclude>
    <ClInclude Include="CxImage\xfile.h">
      <Filter>CxImage</Filter>
    </ClInclude>
    <ClInclude Include="CxImage\ximabmp.h">
      <Filter>CxImage</Filter>
    </ClInclude>
    <ClInclude Include="CxImage\ximacfg.h">
      <Filter>CxImage</Filter>
    </ClInclude>
    <ClInclude Include="CxImage\ximadef.h">
      <Filter>CxImage</Filter>
    </ClInclude>
    <ClInclude Include="CxImage\ximage.h">
      <Filter>CxImage</Filter>
    </ClInclude>
    <ClInclude Include="CxImage\ximagif.h">
      <Filter>CxImage</Filter>
    </ClInclude>
    <ClInclude Include="CxImage\ximaico.h">
      <Filter>CxImage</Filter>
    </ClInclude>
    <ClInclude Include="CxImage\ximaiter.h">
      <Filter>CxImage</Filter>
    </ClInclude>
    <ClInclude Include="CxImage\ximajas.h">
      <Filter>CxImage</Filter>
    </ClInclude>
    <ClInclude Include="CxImage\ximajbg.h">
      <Filter>CxImage</Filter>
    </ClInclude>
    <ClInclude Include="CxImage\ximajpg.h">
      <Filter>CxImage</Filter>
    </ClInclude>
    <ClInclude Include="CxImage\ximamng.h">
      <Filter>CxImage</Filter>
    </ClInclude>
    <ClInclude Include="CxImage\ximapcx.h">
      <Filter>CxImage</Filter>
    </ClInclude>
    <ClInclude Include="CxImage\ximapng.h">
      <Filter>CxImage</Filter>
    </ClInclude>
    <ClInclude Include="CxImage\ximaraw.h">
      <Filter>CxImage</Filter>
    </ClInclude>
    <ClInclude Include="CxImage\ximaska.h">
      <Filter>CxImage</Filter>
    </ClInclude>
    <ClInclude Include="CxImage\ximatga.h">
      <Filter>CxImage</Filter>
    </ClInclude>
    <ClInclude Include="CxImage\ximath.h">
      <Filter>CxImage</Filter>
    </ClInclude>
    <ClInclude Include="CxImage\ximatif.h">
      <Filter>CxImage</Filter>
    </ClInclude>
    <ClInclude Include="CxImage\ximawbmp.h">
      <Filter>CxImage</Filter>
    </ClInclude>
    <ClInclude Include="CxImage\ximawmf.h">
      <Filter>CxImage</Filter>
    </ClInclude>
    <ClInclude Include="CxImage\xiofile.h">
      <Filter>CxImage</Filter>
    </ClInclude>
    <ClInclude Include="CxImage\xmemfile.h">
      <Filter>CxImage</Filter>
    </ClInclude>
    <ClInclude Include="glew\include\GL\glew.h">
      <Filter>glew</Filter>
    </ClInclude>
    <ClInclude Include="glew\include\GL\glxew.h">
      <Filter>glew</Filter>
    </ClInclude>
    <ClInclude Include="glew\include\GL\wglew.h">
      <Filter>glew</Filter>
    </ClInclude>
    <ClInclude Include="opengl\glext.h">
      <Filter>opengl</Filter>
    </ClInclude>
    <ClInclude Include="opengl\glxext.h">
      <Filter>opengl</Filter>
    </ClInclude>
    <ClInclude Include="opengl\wglext.h">
      <Filter>opengl</Filter>
    </ClInclude>
    <ClInclude Include="wx\jsonreader.h">
      <Filter>Header Files</Filter>
    </ClInclude>
    <ClInclude Include="wx\jsonval.h">
      <Filter>Header Files</Filter>
    </ClInclude>
    <ClInclude Include="wx\jsonwriter.h">
      <Filter>Header Files</Filter>
    </ClInclude>
    <ClInclude Include="wx\json_defs.h">
      <Filter>Header Files</Filter>
    </ClInclude>
  </ItemGroup>
  <ItemGroup>
    <None Include="..\bin_support\Icons\chrFile.ico">
      <Filter>Resource Files</Filter>
    </None>
    <None Include="..\bin_support\Icons\wmv.ico">
      <Filter>Resource Files</Filter>
    </None>
  </ItemGroup>
  <ItemGroup>
    <ResourceCompile Include="wowmodelview.rc">
      <Filter>Resource Files</Filter>
    </ResourceCompile>
  </ItemGroup>
</Project>